
Microsoft Visual Studio Solution File, Format Version 12.00
# Visual Studio 2013
Project("{FAE04EC0-301F-11D3-BF4B-00C04F79EFBC}") = "KOF.CSharp", "KOF.CSharp.csproj", "{03D84B6F-77AD-90D7-7679-68DAD6AA56D1}"
EndProject
Global
	GlobalSection(SolutionConfigurationPlatforms) = preSolution
		Debug|Any CPU = Debug|Any CPU
		Release|Any CPU = Release|Any CPU
	EndGlobalSection
	GlobalSection(ProjectConfigurationPlatforms) = postSolution
		{03D84B6F-77AD-90D7-7679-68DAD6AA56D1}.Debug|Any CPU.ActiveCfg = Debug|Any CPU
		{03D84B6F-77AD-90D7-7679-68DAD6AA56D1}.Debug|Any CPU.Build.0 = Debug|Any CPU
		{03D84B6F-77AD-90D7-7679-68DAD6AA56D1}.Release|Any CPU.ActiveCfg = Release|Any CPU
		{03D84B6F-77AD-90D7-7679-68DAD6AA56D1}.Release|Any CPU.Build.0 = Release|Any CPU
	EndGlobalSection
	GlobalSection(SolutionProperties) = preSolution
		HideSolutionNode = FALSE
	EndGlobalSection
EndGlobal
